// !$*UTF8*$!
{
	archiveVersion = 1;
	classes = {
	};
	objectVersion = 46;
	objects = {

/* Begin PBXBuildFile section */
		9D0E5BAA1EC8540900FD17C1 /* main.m in Sources */ = {isa = PBXBuildFile; fileRef = 9D0E5BA91EC8540900FD17C1 /* main.m */; };
		9D0E5BAD1EC8540900FD17C1 /* AppDelegate.m in Sources */ = {isa = PBXBuildFile; fileRef = 9D0E5BAC1EC8540900FD17C1 /* AppDelegate.m */; };
		9D0E5BB31EC8540900FD17C1 /* Main.storyboard in Resources */ = {isa = PBXBuildFile; fileRef = 9D0E5BB11EC8540900FD17C1 /* Main.storyboard */; };
		9D0E5BB51EC8540900FD17C1 /* Assets.xcassets in Resources */ = {isa = PBXBuildFile; fileRef = 9D0E5BB41EC8540900FD17C1 /* Assets.xcassets */; };
		9D0E5BB81EC8540900FD17C1 /* LaunchScreen.storyboard in Resources */ = {isa = PBXBuildFile; fileRef = 9D0E5BB61EC8540900FD17C1 /* LaunchScreen.storyboard */; };
		9D0E5BC31EC8545E00FD17C1 /* WebTableViewCell.m in Sources */ = {isa = PBXBuildFile; fileRef = 9D0E5BC01EC8545E00FD17C1 /* WebTableViewCell.m */; };
		9D0E5BC41EC8545E00FD17C1 /* WebViewController.m in Sources */ = {isa = PBXBuildFile; fileRef = 9D0E5BC21EC8545E00FD17C1 /* WebViewController.m */; };
		9D0E5C171EC859D500FD17C1 /* PodFile in Resources */ = {isa = PBXBuildFile; fileRef = 9D0E5C161EC859D500FD17C1 /* PodFile */; };
		D6908460FDCD21F3B7839888 /* libPods-WebView.a in Frameworks */ = {isa = PBXBuildFile; fileRef = 7F80CB8EEE5542DA60F8372F /* libPods-WebView.a */; };
/* End PBXBuildFile section */

/* Begin PBXFileReference section */
		37795BAC752CE90ED82811BF /* Pods-WebView.debug.xcconfig */ = {isa = PBXFileReference; includeInIndex = 1; lastKnownFileType = text.xcconfig; name = "Pods-WebView.debug.xcconfig"; path = "Pods/Target Support Files/Pods-WebView/Pods-WebView.debug.xcconfig"; sourceTree = "<group>"; };
		68F091D077FEC35AA01B0B51 /* Pods-WebView.release.xcconfig */ = {isa = PBXFileReference; includeInIndex = 1; lastKnownFileType = text.xcconfig; name = "Pods-WebView.release.xcconfig"; path = "Pods/Target Support Files/Pods-WebView/Pods-WebView.release.xcconfig"; sourceTree = "<group>"; };
		7F80CB8EEE5542DA60F8372F /* libPods-WebView.a */ = {isa = PBXFileReference; explicitFileType = archive.ar; includeInIndex = 0; path = "libPods-WebView.a"; sourceTree = BUILT_PRODUCTS_DIR; };
		9D0E5BA51EC8540900FD17C1 /* WebView.app */ = {isa = PBXFileReference; explicitFileType = wrapper.application; includeInIndex = 0; path = WebView.app; sourceTree = BUILT_PRODUCTS_DIR; };
		9D0E5BA91EC8540900FD17C1 /* main.m */ = {isa = PBXFileReference; lastKnownFileType = sourcecode.c.objc; path = main.m; sourceTree = "<group>"; };
		9D0E5BAB1EC8540900FD17C1 /* AppDelegate.h */ = {isa = PBXFileReference; lastKnownFileType = sourcecode.c.h; path = AppDelegate.h; sourceTree = "<group>"; };
		9D0E5BAC1EC8540900FD17C1 /* AppDelegate.m */ = {isa = PBXFileReference; lastKnownFileType = sourcecode.c.objc; path = AppDelegate.m; sourceTree = "<group>"; };
		9D0E5BB21EC8540900FD17C1 /* Base */ = {isa = PBXFileReference; lastKnownFileType = file.storyboard; name = Base; path = Base.lproj/Main.storyboard; sourceTree = "<group>"; };
		9D0E5BB41EC8540900FD17C1 /* Assets.xcassets */ = {isa = PBXFileReference; lastKnownFileType = folder.assetcatalog; path = Assets.xcassets; sourceTree = "<group>"; };
		9D0E5BB71EC8540900FD17C1 /* Base */ = {isa = PBXFileReference; lastKnownFileType = file.storyboard; name = Base; path = Base.lproj/LaunchScreen.storyboard; sourceTree = "<group>"; };
		9D0E5BB91EC8540900FD17C1 /* Info.plist */ = {isa = PBXFileReference; lastKnownFileType = text.plist.xml; path = Info.plist; sourceTree = "<group>"; };
		9D0E5BBF1EC8545E00FD17C1 /* WebTableViewCell.h */ = {isa = PBXFileReference; fileEncoding = 4; lastKnownFileType = sourcecode.c.h; path = WebTableViewCell.h; sourceTree = "<group>"; };
		9D0E5BC01EC8545E00FD17C1 /* WebTableViewCell.m */ = {isa = PBXFileReference; fileEncoding = 4; lastKnownFileType = sourcecode.c.objc; path = WebTableViewCell.m; sourceTree = "<group>"; };
		9D0E5BC11EC8545E00FD17C1 /* WebViewController.h */ = {isa = PBXFileReference; fileEncoding = 4; lastKnownFileType = sourcecode.c.h; path = WebViewController.h; sourceTree = "<group>"; };
		9D0E5BC21EC8545E00FD17C1 /* WebViewController.m */ = {isa = PBXFileReference; fileEncoding = 4; lastKnownFileType = sourcecode.c.objc; path = WebViewController.m; sourceTree = "<group>"; };
		9D0E5C131EC8587D00FD17C1 /* PrefixHeader.pch */ = {isa = PBXFileReference; fileEncoding = 4; lastKnownFileType = sourcecode.c.h; path = PrefixHeader.pch; sourceTree = "<group>"; };
		9D0E5C161EC859D500FD17C1 /* PodFile */ = {isa = PBXFileReference; fileEncoding = 4; lastKnownFileType = text; path = PodFile; sourceTree = "<group>"; };
/* End PBXFileReference section */

/* Begin PBXFrameworksBuildPhase section */
		9D0E5BA21EC8540900FD17C1 /* Frameworks */ = {
			isa = PBXFrameworksBuildPhase;
			buildActionMask = 2147483647;
			files = (
				D6908460FDCD21F3B7839888 /* libPods-WebView.a in Frameworks */,
			);
			runOnlyForDeploymentPostprocessing = 0;
		};
/* End PBXFrameworksBuildPhase section */

/* Begin PBXGroup section */
		1806E17AD23D0E221BD22298 /* Pods */ = {
			isa = PBXGroup;
			children = (
				37795BAC752CE90ED82811BF /* Pods-WebView.debug.xcconfig */,
				68F091D077FEC35AA01B0B51 /* Pods-WebView.release.xcconfig */,
			);
			name = Pods;
			sourceTree = "<group>";
		};
		261EF9393C39B5B4525E61F6 /* Frameworks */ = {
			isa = PBXGroup;
			children = (
				7F80CB8EEE5542DA60F8372F /* libPods-WebView.a */,
			);
			name = Frameworks;
			sourceTree = "<group>";
		};
		9D0E5B9C1EC8540900FD17C1 = {
			isa = PBXGroup;
			children = (
				9D0E5BA71EC8540900FD17C1 /* WebView */,
				9D0E5BA61EC8540900FD17C1 /* Products */,
				1806E17AD23D0E221BD22298 /* Pods */,
				261EF9393C39B5B4525E61F6 /* Frameworks */,
			);
			sourceTree = "<group>";
		};
		9D0E5BA61EC8540900FD17C1 /* Products */ = {
			isa = PBXGroup;
			children = (
				9D0E5BA51EC8540900FD17C1 /* WebView.app */,
			);
			name = Products;
			sourceTree = "<group>";
		};
		9D0E5BA71EC8540900FD17C1 /* WebView */ = {
			isa = PBXGroup;
			children = (
				9D0E5BAB1EC8540900FD17C1 /* AppDelegate.h */,
				9D0E5BAC1EC8540900FD17C1 /* AppDelegate.m */,
				9D0E5BBF1EC8545E00FD17C1 /* WebTableViewCell.h */,
				9D0E5BC01EC8545E00FD17C1 /* WebTableViewCell.m */,
				9D0E5BC11EC8545E00FD17C1 /* WebViewController.h */,
				9D0E5BC21EC8545E00FD17C1 /* WebViewController.m */,
				9D0E5BA81EC8540900FD17C1 /* Supporting Files */,
			);
			path = WebView;
			sourceTree = "<group>";
		};
		9D0E5BA81EC8540900FD17C1 /* Supporting Files */ = {
			isa = PBXGroup;
			children = (
				9D0E5C161EC859D500FD17C1 /* PodFile */,
				9D0E5C131EC8587D00FD17C1 /* PrefixHeader.pch */,
				9D0E5BB11EC8540900FD17C1 /* Main.storyboard */,
				9D0E5BB41EC8540900FD17C1 /* Assets.xcassets */,
				9D0E5BB61EC8540900FD17C1 /* LaunchScreen.storyboard */,
				9D0E5BB91EC8540900FD17C1 /* Info.plist */,
				9D0E5BA91EC8540900FD17C1 /* main.m */,
			);
			name = "Supporting Files";
			sourceTree = "<group>";
		};
/* End PBXGroup section */

/* Begin PBXNativeTarget section */
		9D0E5BA41EC8540900FD17C1 /* WebView */ = {
			isa = PBXNativeTarget;
			buildConfigurationList = 9D0E5BBC1EC8540900FD17C1 /* Build configuration list for PBXNativeTarget "WebView" */;
			buildPhases = (
				502FBD21667501972105828A /* [CP] Check Pods Manifest.lock */,
				9D0E5BA11EC8540900FD17C1 /* Sources */,
				9D0E5BA21EC8540900FD17C1 /* Frameworks */,
				9D0E5BA31EC8540900FD17C1 /* Resources */,
				D3B221F54E5F3B7238765872 /* [CP] Embed Pods Frameworks */,
				B72BBDC2481B66CACA3EF2BE /* [CP] Copy Pods Resources */,
			);
			buildRules = (
			);
			dependencies = (
			);
			name = WebView;
			productName = WebView;
			productReference = 9D0E5BA51EC8540900FD17C1 /* WebView.app */;
			productType = "com.apple.product-type.application";
		};
/* End PBXNativeTarget section */

/* Begin PBXProject section */
		9D0E5B9D1EC8540900FD17C1 /* Project object */ = {
			isa = PBXProject;
			attributes = {
				LastUpgradeCheck = 0720;
				ORGANIZATIONNAME = "之静之初";
				TargetAttributes = {
					9D0E5BA41EC8540900FD17C1 = {
						CreatedOnToolsVersion = 7.2;
					};
				};
			};
			buildConfigurationList = 9D0E5BA01EC8540900FD17C1 /* Build configuration list for PBXProject "WebView" */;
			compatibilityVersion = "Xcode 3.2";
			developmentRegion = English;
			hasScannedForEncodings = 0;
			knownRegions = (
				en,
				Base,
			);
			mainGroup = 9D0E5B9C1EC8540900FD17C1;
			productRefGroup = 9D0E5BA61EC8540900FD17C1 /* Products */;
			projectDirPath = "";
			projectRoot = "";
			targets = (
				9D0E5BA41EC8540900FD17C1 /* WebView */,
			);
		};
/* End PBXProject section */

/* Begin PBXResourcesBuildPhase section */
		9D0E5BA31EC8540900FD17C1 /* Resources */ = {
			isa = PBXResourcesBuildPhase;
			buildActionMask = 2147483647;
			files = (
				9D0E5BB81EC8540900FD17C1 /* LaunchScreen.storyboard in Resources */,
				9D0E5BB51EC8540900FD17C1 /* Assets.xcassets in Resources */,
				9D0E5C171EC859D500FD17C1 /* PodFile in Resources */,
				9D0E5BB31EC8540900FD17C1 /* Main.storyboard in Resources */,
			);
			runOnlyForDeploymentPostprocessing = 0;
		};
/* End PBXResourcesBuildPhase section */

/* Begin PBXShellScriptBuildPhase section */
		502FBD21667501972105828A /* [CP] Check Pods Manifest.lock */ = {
			isa = PBXShellScriptBuildPhase;
			buildActionMask = 2147483647;
			files = (
			);
			inputPaths = (
			);
			name = "[CP] Check Pods Manifest.lock";
			outputPaths = (
			);
			runOnlyForDeploymentPostprocessing = 0;
			shellPath = /bin/sh;
			shellScript = "diff \"${PODS_ROOT}/../Podfile.lock\" \"${PODS_ROOT}/Manifest.lock\" > /dev/null\nif [ $? != 0 ] ; then\n    # print error to STDERR\n    echo \"error: The sandbox is not in sync with the Podfile.lock. Run 'pod install' or update your CocoaPods installation.\" >&2\n    exit 1\nfi\n";
			showEnvVarsInLog = 0;
		};
		B72BBDC2481B66CACA3EF2BE /* [CP] Copy Pods Resources */ = {
			isa = PBXShellScriptBuildPhase;
			buildActionMask = 2147483647;
			files = (
			);
			inputPaths = (
			);
			name = "[CP] Copy Pods Resources";
			outputPaths = (
			);
			runOnlyForDeploymentPostprocessing = 0;
			shellPath = /bin/sh;
			shellScript = "\"${SRCROOT}/Pods/Target Support Files/Pods-WebView/Pods-WebView-resources.sh\"\n";
			showEnvVarsInLog = 0;
		};
		D3B221F54E5F3B7238765872 /* [CP] Embed Pods Frameworks */ = {
			isa = PBXShellScriptBuildPhase;
			buildActionMask = 2147483647;
			files = (
			);
			inputPaths = (
			);
			name = "[CP] Embed Pods Frameworks";
			outputPaths = (
			);
			runOnlyForDeploymentPostprocessing = 0;
			shellPath = /bin/sh;
			shellScript = "\"${SRCROOT}/Pods/Target Support Files/Pods-WebView/Pods-WebView-frameworks.sh\"\n";
			showEnvVarsInLog = 0;
		};
/* End PBXShellScriptBuildPhase section */

/* Begin PBXSourcesBuildPhase section */
		9D0E5BA11EC8540900FD17C1 /* Sources */ = {
			isa = PBXSourcesBuildPhase;
			buildActionMask = 2147483647;
			files = (
				9D0E5BC41EC8545E00FD17C1 /* WebViewController.m in Sources */,
				9D0E5BAD1EC8540900FD17C1 /* AppDelegate.m in Sources */,
				9D0E5BC31EC8545E00FD17C1 /* WebTableViewCell.m in Sources */,
				9D0E5BAA1EC8540900FD17C1 /* main.m in Sources */,
			);
			runOnlyForDeploymentPostprocessing = 0;
		};
/* End PBXSourcesBuildPhase section */

/* Begin PBXVariantGroup section */
		9D0E5BB11EC8540900FD17C1 /* Main.storyboard */ = {
			isa = PBXVariantGroup;
			children = (
				9D0E5BB21EC8540900FD17C1 /* Base */,
			);
			name = Main.storyboard;
			sourceTree = "<group>";
		};
		9D0E5BB61EC8540900FD17C1 /* LaunchScreen.storyboard */ = {
			isa = PBXVariantGroup;
			children = (
				9D0E5BB71EC8540900FD17C1 /* Base */,
			);
			name = LaunchScreen.storyboard;
			sourceTree = "<group>";
		};
/* End PBXVariantGroup section */

/* Begin XCBuildConfiguration section */
		9D0E5BBA1EC8540900FD17C1 /* Debug */ = {
			isa = XCBuildConfiguration;
			buildSettings = {
				ALWAYS_SEARCH_USER_PATHS = NO;
				CLANG_CXX_LANGUAGE_STANDARD = "gnu++0x";
				CLANG_CXX_LIBRARY = "libc++";
				CLANG_ENABLE_MODULES = YES;
				CLANG_ENABLE_OBJC_ARC = YES;
				CLANG_WARN_BOOL_CONVERSION = YES;
				CLANG_WARN_CONSTANT_CONVERSION = YES;
				CLANG_WARN_DIRECT_OBJC_ISA_USAGE = YES_ERROR;
				CLANG_WARN_EMPTY_BODY = YES;
				CLANG_WARN_ENUM_CONVERSION = YES;
				CLANG_WARN_INT_CONVERSION = YES;
				CLANG_WARN_OBJC_ROOT_CLASS = YES_ERROR;
				CLANG_WARN_UNREACHABLE_CODE = YES;
				CLANG_WARN__DUPLICATE_METHOD_MATCH = YES;
				"CODE_SIGN_IDENTITY[sdk=iphoneos*]" = "iPhone Developer";
				COPY_PHASE_STRIP = NO;
				DEBUG_INFORMATION_FORMAT = dwarf;
				ENABLE_STRICT_OBJC_MSGSEND = YES;
				ENABLE_TESTABILITY = YES;
				GCC_C_LANGUAGE_STANDARD = gnu99;
				GCC_DYNAMIC_NO_PIC = NO;
				GCC_NO_COMMON_BLOCKS = YES;
				GCC_OPTIMIZATION_LEVEL = 0;
				GCC_PREPROCESSOR_DEFINITIONS = (
					"DEBUG=1",
					"$(inherited)",
				);
				GCC_WARN_64_TO_32_BIT_CONVERSION = YES;
				GCC_WARN_ABOUT_RETURN_TYPE = YES_ERROR;
				GCC_WARN_UNDECLARED_SELECTOR = YES;
				GCC_WARN_UNINITIALIZED_AUTOS = YES_AGGRESSIVE;
				GCC_WARN_UNUSED_FUNCTION = YES;
				GCC_WARN_UNUSED_VARIABLE = YES;
				IPHONEOS_DEPLOYMENT_TARGET = 9.2;
				MTL_ENABLE_DEBUG_INFO = YES;
				ONLY_ACTIVE_ARCH = YES;
				SDKROOT = iphoneos;
			};
			name = Debug;
		};
		9D0E5BBB1EC8540900FD17C1 /* Release */ = {
			isa = XCBuildConfiguration;
			buildSettings = {
				ALWAYS_SEARCH_USER_PATHS = NO;
				CLANG_CXX_LANGUAGE_STANDARD = "gnu++0x";
				CLANG_CXX_LIBRARY = "libc++";
				CLANG_ENABLE_MODULES = YES;
				CLANG_ENABLE_OBJC_ARC = YES;
				CLANG_WARN_BOOL_CONVERSION = YES;
				CLANG_WARN_CONSTANT_CONVERSION = YES;
				CLANG_WARN_DIRECT_OBJC_ISA_USAGE = YES_ERROR;
				CLANG_WARN_EMPTY_BODY = YES;
				CLANG_WARN_ENUM_CONVERSION = YES;
				CLANG_WARN_INT_CONVERSION = YES;
				CLANG_WARN_OBJC_ROOT_CLASS = YES_ERROR;
				CLANG_WARN_UNREACHABLE_CODE = YES;
				CLANG_WARN__DUPLICATE_METHOD_MATCH = YES;
				"CODE_SIGN_IDENTITY[sdk=iphoneos*]" = "iPhone Developer";
				COPY_PHASE_STRIP = NO;
				DEBUG_INFORMATION_FORMAT = "dwarf-with-dsym";
				ENABLE_NS_ASSERTIONS = NO;
				ENABLE_STRICT_OBJC_MSGSEND = YES;
				GCC_C_LANGUAGE_STANDARD = gnu99;
				GCC_NO_COMMON_BLOCKS = YES;
				GCC_WARN_64_TO_32_BIT_CONVERSION = YES;
				GCC_WARN_ABOUT_RETURN_TYPE = YES_ERROR;
				GCC_WARN_UNDECLARED_SELECTOR = YES;
				GCC_WARN_UNINITIALIZED_AUTOS = YES_AGGRESSIVE;
				GCC_WARN_UNUSED_FUNCTION = YES;
				GCC_WARN_UNUSED_VARIABLE = YES;
				IPHONEOS_DEPLOYMENT_TARGET = 9.2;
				MTL_ENABLE_DEBUG_INFO = NO;
				SDKROOT = iphoneos;
				VALIDATE_PRODUCT = YES;
			};
			name = Release;
		};
		9D0E5BBD1EC8540900FD17C1 /* Debug */ = {
			isa = XCBuildConfiguration;
			baseConfigurationReference = 37795BAC752CE90ED82811BF /* Pods-WebView.debug.xcconfig */;
			buildSettings = {
				ASSETCATALOG_COMPILER_APPICON_NAME = AppIcon;
				GCC_PREFIX_HEADER = "$(SRCROOT)/WebView/PrefixHeader.pch";
				INFOPLIST_FILE = WebView/Info.plist;
				LD_RUNPATH_SEARCH_PATHS = "$(inherited) @executable_path/Frameworks";
				PRODUCT_BUNDLE_IDENTIFIER = com.juyingfu.www.WebView;
				PRODUCT_NAME = "$(TARGET_NAME)";
			};
			name = Debug;
		};
		9D0E5BBE1EC8540900FD17C1 /* Release */ = {
			isa = XCBuildConfiguration;
			baseConfigurationReference = 68F091D077FEC35AA01B0B51 /* Pods-WebView.release.xcconfig */;
			buildSettings = {
				ASSETCATALOG_COMPILER_APPICON_NAME = AppIcon;
				GCC_PREFIX_HEADER = "$(SRCROOT)/WebView/PrefixHeader.pch";
				INFOPLIST_FILE = WebView/Info.plist;
				LD_RUNPATH_SEARCH_PATHS = "$(inherited) @executable_path/Frameworks";
				PRODUCT_BUNDLE_IDENTIFIER = com.juyingfu.www.WebView;
				PRODUCT_NAME = "$(TARGET_NAME)";
			};
			name = Release;
		};
/* End XCBuildConfiguration section */

/* Begin XCConfigurationList section */
		9D0E5BA01EC8540900FD17C1 /* Build configuration list for PBXProject "WebView" */ = {
			isa = XCConfigurationList;
			buildConfigurations = (
				9D0E5BBA1EC8540900FD17C1 /* Debug */,
				9D0E5BBB1EC8540900FD17C1 /* Release */,
			);
			defaultConfigurationIsVisible = 0;
			defaultConfigurationName = Release;
		};
		9D0E5BBC1EC8540900FD17C1 /* Build configuration list for PBXNativeTarget "WebView" */ = {
			isa = XCConfigurationList;
			buildConfigurations = (
				9D0E5BBD1EC8540900FD17C1 /* Debug */,
				9D0E5BBE1EC8540900FD17C1 /* Release */,
			);
			defaultConfigurationIsVisible = 0;
			defaultConfigurationName = Release;
		};
/* End XCConfigurationList section */
	};
	rootObject = 9D0E5B9D1EC8540900FD17C1 /* Project object */;
}
